
Microsoft Visual Studio Solution File, Format Version 12.00
# Visual Studio Version 16
VisualStudioVersion = 16.0.33328.57
MinimumVisualStudioVersion = 10.0.40219.1
Project("{FAE04EC0-301F-11D3-BF4B-00C04F79EFBC}") = "LAB8", "LAB8.csproj", "{0DE761E0-5A62-4965-AE68-4216DCE433E2}"
EndProject
Global
	GlobalSection(SolutionConfigurationPlatforms) = preSolution
		Debug|Any CPU = Debug|Any CPU
		Release|Any CPU = Release|Any CPU
	EndGlobalSection
	GlobalSection(ProjectConfigurationPlatforms) = postSolution
		{0DE761E0-5A62-4965-AE68-4216DCE433E2}.Debug|Any CPU.ActiveCfg = Debug|Any CPU
		{0DE761E0-5A62-4965-AE68-4216DCE433E2}.Debug|Any CPU.Build.0 = Debug|Any CPU
		{0DE761E0-5A62-4965-AE68-4216DCE433E2}.Release|Any CPU.ActiveCfg = Release|Any CPU
		{0DE761E0-5A62-4965-AE68-4216DCE433E2}.Release|Any CPU.Build.0 = Release|Any CPU
	EndGlobalSection
	GlobalSection(SolutionProperties) = preSolution
		HideSolutionNode = FALSE
	EndGlobalSection
	GlobalSection(ExtensibilityGlobals) = postSolution
		SolutionGuid = {DE0F01C1-7497-4050-9DD0-6FE446B7AC19}
	EndGlobalSection
EndGlobal
